<?xml version="1.0" encoding="utf-8"?>
<Project ToolsVersion="4.0" xmlns="http://schemas.microsoft.com/developer/msbuild/2003">
  <ItemGroup>
    <Filter Include="Source Files">
      <UniqueIdentifier>{4FC737F1-C7A5-4376-A066-2A32D752A2FF}</UniqueIdentifier>
      <Extensions>cpp;c;cc;cxx;def;odl;idl;hpj;bat;asm;asmx</Extensions>
    </Filter>
    <Filter Include="Header Files">
      <UniqueIdentifier>{93995380-89BD-4b04-88EB-625FBE52EBFB}</UniqueIdentifier>
      <Extensions>h;hh;hpp;hxx;hm;inl;inc;ipp;xsd</Extensions>
    </Filter>
    <Filter Include="Resource Files">
      <UniqueIdentifier>{67DA6AB6-F800-4c08-8B7A-83BB121AAD01}</UniqueIdentifier>
      <Extensions>rc;ico;cur;bmp;dlg;rc2;rct;bin;rgs;gif;jpg;jpeg;jpe;resx;tiff;tif;png;wav;mfcribbon-ms</Extensions>
    </Filter>
    <Filter Include="Header Files\rules">
      <UniqueIdentifier>{c17e1d7f-9847-42bb-adca-3fd2ae52366d}</UniqueIdentifier>
    </Filter>
    <Filter Include="Source Files\rules">
      <UniqueIdentifier>{ceb2e1a3-82dd-4ebc-8789-5719658a852d}</UniqueIdentifier>
    </Filter>
  </ItemGroup>
  <ItemGroup>
    <ClInclude Include="framework.h">
      <Filter>Header Files</Filter>
    </ClInclude>
    <ClInclude Include="pch.h">
      <Filter>Header Files</Filter>
    </ClInclude>
    <ClInclude Include="CSocket.h">
      <Filter>Header Files</Filter>
    </ClInclude>
    <ClInclude Include="CStatistics.h">
      <Filter>Header Files</Filter>
    </ClInclude>
    <ClInclude Include="lock.h">
      <Filter>Header Files</Filter>
    </ClInclude>
    <ClInclude Include="export.h">
      <Filter>Header Files</Filter>
    </ClInclude>
    <ClInclude Include="CNanoStatistics.h">
      <Filter>Header Files</Filter>
    </ClInclude>
    <ClInclude Include="format.h">
      <Filter>Header Files</Filter>
    </ClInclude>
    <ClInclude Include="CSocketLog.h">
      <Filter>Header Files</Filter>
    </ClInclude>
    <ClInclude Include="CNetworkFilterRule.h">
      <Filter>Header Files</Filter>
    </ClInclude>
    <ClInclude Include="CNetworkFilterTarget.h">
      <Filter>Header Files</Filter>
    </ClInclude>
    <ClInclude Include="CNewConnectionRule.h">
      <Filter>Header Files\rules</Filter>
    </ClInclude>
    <ClInclude Include="endpoint.h">
      <Filter>Header Files</Filter>
    </ClInclude>
    <ClInclude Include="CNetworkFilter.h">
      <Filter>Header Files</Filter>
    </ClInclude>
    <ClInclude Include="path.h">
      <Filter>Header Files</Filter>
    </ClInclude>
    <ClInclude Include="CMaxConnectionsRule.h">
      <Filter>Header Files\rules</Filter>
    </ClInclude>
    <ClInclude Include="CMaxRecvRule.h">
      <Filter>Header Files\rules</Filter>
    </ClInclude>
    <ClInclude Include="CMaxSendRule.h">
      <Filter>Header Files\rules</Filter>
    </ClInclude>
  </ItemGroup>
  <ItemGroup>
    <ClCompile Include="dllmain.cpp">
      <Filter>Source Files</Filter>
    </ClCompile>
    <ClCompile Include="pch.cpp">
      <Filter>Source Files</Filter>
    </ClCompile>
    <ClCompile Include="CSocket.cpp">
      <Filter>Source Files</Filter>
    </ClCompile>
    <ClCompile Include="CStatistics.cpp">
      <Filter>Source Files</Filter>
    </ClCompile>
    <ClCompile Include="framework.cpp">
      <Filter>Source Files</Filter>
    </ClCompile>
    <ClCompile Include="CNanoStatistics.cpp">
      <Filter>Source Files</Filter>
    </ClCompile>
    <ClCompile Include="format.cpp">
      <Filter>Source Files</Filter>
    </ClCompile>
    <ClCompile Include="CSocketLog.cpp">
      <Filter>Source Files</Filter>
    </ClCompile>
    <ClCompile Include="CNetworkFilterTarget.cpp">
      <Filter>Source Files</Filter>
    </ClCompile>
    <ClCompile Include="CNetworkFilterRule.cpp">
      <Filter>Source Files</Filter>
    </ClCompile>
    <ClCompile Include="CNewConnectionRule.cpp">
      <Filter>Source Files\rules</Filter>
    </ClCompile>
    <ClCompile Include="endpoint.cpp">
      <Filter>Source Files</Filter>
    </ClCompile>
    <ClCompile Include="CNetworkFilter.cpp">
      <Filter>Source Files</Filter>
    </ClCompile>
    <ClCompile Include="path.cpp">
      <Filter>Source Files</Filter>
    </ClCompile>
    <ClCompile Include="CMaxConnectionsRule.cpp">
      <Filter>Source Files\rules</Filter>
    </ClCompile>
    <ClCompile Include="CMaxRecvRule.cpp">
      <Filter>Source Files\rules</Filter>
    </ClCompile>
    <ClCompile Include="CMaxSendRule.cpp">
      <Filter>Source Files\rules</Filter>
    </ClCompile>
  </ItemGroup>
  <ItemGroup>
    <None Include="network-filter.cfg" />
  </ItemGroup>
</Project>